{
  "object": {
    "pins": [
      {
        "package": "combine-schedulers",
        "repositoryURL": "https://github.com/pointfreeco/combine-schedulers.git",
        "state": {
          "branch": null,
          "revision": "c37e5ae8012fb654af776cc556ff8ae64398c841",
          "version": "0.5.0"
        }
      },
      {
        "package": "swift-case-paths",
        "repositoryURL": "git@github.com:pointfreeco/swift-case-paths.git",
        "state": {
          "branch": null,
          "revision": "a313f0cc10e07bb5ce7e2ff5da600cce7efa8e8a",
          "version": "0.2.0"
        }
      },
      {
        "package": "xctest-dynamic-overlay",
        "repositoryURL": "https://github.com/pointfreeco/xctest-dynamic-overlay",
        "state": {
          "branch": null,
          "revision": "603974e3909ad4b48ba04aad7e0ceee4f077a518",
          "version": "0.1.0"
        }
      }
    ]
  },
  "version": 1
}
